
Microsoft Visual Studio Solution File, Format Version 12.00
# Visual Studio Version 17
VisualStudioVersion = 17.0.32014.148
MinimumVisualStudioVersion = 10.0.40219.1
Project("{FAE04EC0-301F-11D3-BF4B-00C04F79EFBC}") = "ASP MVC Demo", "ASP MVC Demo.csproj", "{165C1076-E42C-4067-AC48-51FB931B7E9D}"
EndProject
Global
	GlobalSection(SolutionConfigurationPlatforms) = preSolution
		Debug|Any CPU = Debug|Any CPU
		Release|Any CPU = Release|Any CPU
	EndGlobalSection
	GlobalSection(ProjectConfigurationPlatforms) = postSolution
		{165C1076-E42C-4067-AC48-51FB931B7E9D}.Debug|Any CPU.ActiveCfg = Debug|Any CPU
		{165C1076-E42C-4067-AC48-51FB931B7E9D}.Debug|Any CPU.Build.0 = Debug|Any CPU
		{165C1076-E42C-4067-AC48-51FB931B7E9D}.Release|Any CPU.ActiveCfg = Release|Any CPU
		{165C1076-E42C-4067-AC48-51FB931B7E9D}.Release|Any CPU.Build.0 = Release|Any CPU
	EndGlobalSection
	GlobalSection(SolutionProperties) = preSolution
		HideSolutionNode = FALSE
	EndGlobalSection
	GlobalSection(ExtensibilityGlobals) = postSolution
		SolutionGuid = {77E3B86A-1680-4FB8-B56F-897C6BE57B67}
	EndGlobalSection
EndGlobal
